
Microsoft Visual Studio Solution File, Format Version 12.00
# Visual Studio Version 17
VisualStudioVersion = 17.4.33403.182
MinimumVisualStudioVersion = 10.0.40219.1
Project("{FAE04EC0-301F-11D3-BF4B-00C04F79EFBC}") = "API.Barramento", "API.Barramento\API.Barramento.csproj", "{03AFB7BD-E5C7-4A85-951E-5DFC38BB9533}"
EndProject
Global
	GlobalSection(SolutionConfigurationPlatforms) = preSolution
		Debug|Any CPU = Debug|Any CPU
		Release|Any CPU = Release|Any CPU
	EndGlobalSection
	GlobalSection(ProjectConfigurationPlatforms) = postSolution
		{03AFB7BD-E5C7-4A85-951E-5DFC38BB9533}.Debug|Any CPU.ActiveCfg = Debug|Any CPU
		{03AFB7BD-E5C7-4A85-951E-5DFC38BB9533}.Debug|Any CPU.Build.0 = Debug|Any CPU
		{03AFB7BD-E5C7-4A85-951E-5DFC38BB9533}.Release|Any CPU.ActiveCfg = Release|Any CPU
		{03AFB7BD-E5C7-4A85-951E-5DFC38BB9533}.Release|Any CPU.Build.0 = Release|Any CPU
	EndGlobalSection
	GlobalSection(SolutionProperties) = preSolution
		HideSolutionNode = FALSE
	EndGlobalSection
	GlobalSection(ExtensibilityGlobals) = postSolution
		SolutionGuid = {0D4CC124-3A3E-40E9-B700-ECE4C8A3A975}
	EndGlobalSection
EndGlobal
